Microsoft Visual Studio Solution File, Format Version 11.00
# Visual Studio 2008

Project("{7D23F7EA-FEA7-1D37-FC50-E97A63D3B191}") = "HelicopterGame", "Assembly-CSharp-firstpass-vs.csproj", "{E9A28EBF-25B1-3191-C526-D842F3CFE083}"
EndProject
Global
	GlobalSection(SolutionConfigurationPlatforms) = preSolution
		Debug|Any CPU = Debug|Any CPU
		Release|Any CPU = Release|Any CPU
	EndGlobalSection
	GlobalSection(ProjectConfigurationPlatforms) = postSolution
		{E9A28EBF-25B1-3191-C526-D842F3CFE083}.Debug|Any CPU.ActiveCfg = Debug|Any CPU
		{E9A28EBF-25B1-3191-C526-D842F3CFE083}.Debug|Any CPU.Build.0 = Debug|Any CPU
		{E9A28EBF-25B1-3191-C526-D842F3CFE083}.Release|Any CPU.ActiveCfg = Release|Any CPU
		{E9A28EBF-25B1-3191-C526-D842F3CFE083}.Release|Any CPU.Build.0 = Release|Any CPU
	EndGlobalSection
	GlobalSection(SolutionProperties) = preSolution
		HideSolutionNode = FALSE
	EndGlobalSection
<<<<<<< HEAD
																																											GlobalSection(MonoDevelopProperties) = preSolution
=======
																																						GlobalSection(MonoDevelopProperties) = preSolution
>>>>>>> 77b4509d19d67df63995cc97b81eac59c192f817
		StartupItem = Assembly-CSharp.csproj
		Policies = $0
		$0.TextStylePolicy = $1
		$1.inheritsSet = null
		$1.scope = text/x-csharp
		$0.CSharpFormattingPolicy = $2
		$2.inheritsSet = Mono
		$2.inheritsScope = text/x-csharp
		$2.scope = text/x-csharp
		$0.TextStylePolicy = $3
		$3.FileWidth = 120
		$3.TabWidth = 4
		$3.EolMarker = Unix
		$3.inheritsSet = Mono
		$3.inheritsScope = text/plain
		$3.scope = text/plain
	EndGlobalSection

EndGlobal
